
Microsoft Visual Studio Solution File, Format Version 12.00
# Visual Studio Version 16
VisualStudioVersion = 16.0.30011.22
MinimumVisualStudioVersion = 10.0.40219.1
Project("{8BC9CEB8-8B4A-11D0-8D11-00A0C91BC942}") = "pebble", "pebble.vcxproj", "{B7BDFF21-34E4-4ACB-9783-7AAF2C54DF66}"
EndProject
Global
	GlobalSection(SolutionConfigurationPlatforms) = preSolution
		Debug|x64 = Debug|x64
		Debug|x86 = Debug|x86
		Release|x64 = Release|x64
		Release|x86 = Release|x86
	EndGlobalSection
	GlobalSection(ProjectConfigurationPlatforms) = postSolution
		{B7BDFF21-34E4-4ACB-9783-7AAF2C54DF66}.Debug|x64.ActiveCfg = Debug|x64
		{B7BDFF21-34E4-4ACB-9783-7AAF2C54DF66}.Debug|x64.Build.0 = Debug|x64
		{B7BDFF21-34E4-4ACB-9783-7AAF2C54DF66}.Debug|x86.ActiveCfg = Debug|Win32
		{B7BDFF21-34E4-4ACB-9783-7AAF2C54DF66}.Debug|x86.Build.0 = Debug|Win32
		{B7BDFF21-34E4-4ACB-9783-7AAF2C54DF66}.Release|x64.ActiveCfg = Release|x64
		{B7BDFF21-34E4-4ACB-9783-7AAF2C54DF66}.Release|x64.Build.0 = Release|x64
		{B7BDFF21-34E4-4ACB-9783-7AAF2C54DF66}.Release|x86.ActiveCfg = Release|Win32
		{B7BDFF21-34E4-4ACB-9783-7AAF2C54DF66}.Release|x86.Build.0 = Release|Win32
	EndGlobalSection
	GlobalSection(SolutionProperties) = preSolution
		HideSolutionNode = FALSE
	EndGlobalSection
	GlobalSection(ExtensibilityGlobals) = postSolution
		SolutionGuid = {2729A51D-7BF0-4CC1-86BC-CE866671D123}
	EndGlobalSection
EndGlobal
