<?xml version="1.0" encoding="utf-8"?>
<Project ToolsVersion="4.0" xmlns="http://schemas.microsoft.com/developer/msbuild/2003">
  <ItemGroup>
    <Filter Include="Source Files">
      <UniqueIdentifier>{4FC737F1-C7A5-4376-A066-2A32D752A2FF}</UniqueIdentifier>
      <Extensions>cpp;c;cc;cxx;def;odl;idl;hpj;bat;asm;asmx</Extensions>
    </Filter>
    <Filter Include="Header Files">
      <UniqueIdentifier>{93995380-89BD-4b04-88EB-625FBE52EBFB}</UniqueIdentifier>
      <Extensions>h;hh;hpp;hxx;hm;inl;inc;xsd</Extensions>
    </Filter>
    <Filter Include="Resource Files">
      <UniqueIdentifier>{67DA6AB6-F800-4c08-8B7A-83BB121AAD01}</UniqueIdentifier>
      <Extensions>rc;ico;cur;bmp;dlg;rc2;rct;bin;rgs;gif;jpg;jpeg;jpe;resx;tiff;tif;png;wav</Extensions>
    </Filter>
  </ItemGroup>
  <ItemGroup>
    <ClCompile Include="example\hello_world\client.cpp">
      <Filter>Source Files</Filter>
    </ClCompile>
    <ClCompile Include="example\hello_world\server.cpp">
      <Filter>Source Files</Filter>
    </ClCompile>
    <ClCompile Include="example\pebble_cmdline\server.cpp">
      <Filter>Source Files</Filter>
    </ClCompile>
    <ClCompile Include="example\pebble_ctrl_cmd\server.cpp">
      <Filter>Source Files</Filter>
    </ClCompile>
    <ClCompile Include="example\pebble_idl\client.cpp">
      <Filter>Source Files</Filter>
    </ClCompile>
    <ClCompile Include="example\pebble_idl\server.cpp">
      <Filter>Source Files</Filter>
    </ClCompile>
    <ClCompile Include="example\pebble_server\client.cpp">
      <Filter>Source Files</Filter>
    </ClCompile>
    <ClCompile Include="example\pebble_server\server.cpp">
      <Filter>Source Files</Filter>
    </ClCompile>
    <ClCompile Include="example\protobuf_rpc\client.cpp">
      <Filter>Source Files</Filter>
    </ClCompile>
    <ClCompile Include="example\protobuf_rpc\server.cpp">
      <Filter>Source Files</Filter>
    </ClCompile>
    <ClCompile Include="example\rollback_rpc\client.cpp">
      <Filter>Source Files</Filter>
    </ClCompile>
    <ClCompile Include="example\rollback_rpc\server.cpp">
      <Filter>Source Files</Filter>
    </ClCompile>
    <ClCompile Include="example\threadpool\server.cpp">
      <Filter>Source Files</Filter>
    </ClCompile>
    <ClCompile Include="src\client\pebble_client.cpp">
      <Filter>Source Files</Filter>
    </ClCompile>
    <ClCompile Include="src\common\base64.cpp">
      <Filter>Source Files</Filter>
    </ClCompile>
    <ClCompile Include="src\common\condition_variable.cpp">
      <Filter>Source Files</Filter>
    </ClCompile>
    <ClCompile Include="src\common\coroutine.cpp">
      <Filter>Source Files</Filter>
    </ClCompile>
    <ClCompile Include="src\common\coroutine_system_hook.cpp">
      <Filter>Source Files</Filter>
    </ClCompile>
    <ClCompile Include="src\common\cpu.cpp">
      <Filter>Source Files</Filter>
    </ClCompile>
    <ClCompile Include="src\common\dir_util.cpp">
      <Filter>Source Files</Filter>
    </ClCompile>
    <ClCompile Include="src\common\error.cpp">
      <Filter>Source Files</Filter>
    </ClCompile>
    <ClCompile Include="src\common\file_util.cpp">
      <Filter>Source Files</Filter>
    </ClCompile>
    <ClCompile Include="src\common\ini_reader.cpp">
      <Filter>Source Files</Filter>
    </ClCompile>
    <ClCompile Include="src\common\log.cpp">
      <Filter>Source Files</Filter>
    </ClCompile>
    <ClCompile Include="src\common\memory.cpp">
      <Filter>Source Files</Filter>
    </ClCompile>
    <ClCompile Include="src\common\net_util.cpp">
      <Filter>Source Files</Filter>
    </ClCompile>
    <ClCompile Include="src\common\random.cpp">
      <Filter>Source Files</Filter>
    </ClCompile>
    <ClCompile Include="src\common\sha1.cpp">
      <Filter>Source Files</Filter>
    </ClCompile>
    <ClCompile Include="src\common\string_utility.cpp">
      <Filter>Source Files</Filter>
    </ClCompile>
    <ClCompile Include="src\common\thread.cpp">
      <Filter>Source Files</Filter>
    </ClCompile>
    <ClCompile Include="src\common\thread_pool.cpp">
      <Filter>Source Files</Filter>
    </ClCompile>
    <ClCompile Include="src\common\timer.cpp">
      <Filter>Source Files</Filter>
    </ClCompile>
    <ClCompile Include="src\common\time_utility.cpp">
      <Filter>Source Files</Filter>
    </ClCompile>
    <ClCompile Include="src\extension\redis\redis_co.cpp">
      <Filter>Source Files</Filter>
    </ClCompile>
    <ClCompile Include="src\extension\zookeeper\naming_handler.cpp">
      <Filter>Source Files</Filter>
    </ClCompile>
    <ClCompile Include="src\extension\zookeeper\zookeeper_cache.cpp">
      <Filter>Source Files</Filter>
    </ClCompile>
    <ClCompile Include="src\extension\zookeeper\zookeeper_client.cpp">
      <Filter>Source Files</Filter>
    </ClCompile>
    <ClCompile Include="src\extension\zookeeper\zookeeper_log.cpp">
      <Filter>Source Files</Filter>
    </ClCompile>
    <ClCompile Include="src\extension\zookeeper\zookeeper_naming.cpp">
      <Filter>Source Files</Filter>
    </ClCompile>
    <ClCompile Include="src\framework\broadcast_mgr.cpp">
      <Filter>Source Files</Filter>
    </ClCompile>
    <ClCompile Include="src\framework\channel_mgr.cpp">
      <Filter>Source Files</Filter>
    </ClCompile>
    <ClCompile Include="src\framework\event_handler.cpp">
      <Filter>Source Files</Filter>
    </ClCompile>
    <ClCompile Include="src\framework\gdata_api.cpp">
      <Filter>Source Files</Filter>
    </ClCompile>
    <ClCompile Include="src\framework\message.cpp">
      <Filter>Source Files</Filter>
    </ClCompile>
    <ClCompile Include="src\framework\naming.cpp">
      <Filter>Source Files</Filter>
    </ClCompile>
    <ClCompile Include="src\framework\net_message.cpp">
      <Filter>Source Files</Filter>
    </ClCompile>
    <ClCompile Include="src\framework\options.cpp">
      <Filter>Source Files</Filter>
    </ClCompile>
    <ClCompile Include="src\framework\pebble_rpc.cpp">
      <Filter>Source Files</Filter>
    </ClCompile>
    <ClCompile Include="src\framework\processor.cpp">
      <Filter>Source Files</Filter>
    </ClCompile>
    <ClCompile Include="src\framework\raw_message_driver.cpp">
      <Filter>Source Files</Filter>
    </ClCompile>
    <ClCompile Include="src\framework\register_error.cpp">
      <Filter>Source Files</Filter>
    </ClCompile>
    <ClCompile Include="src\framework\router.cpp">
      <Filter>Source Files</Filter>
    </ClCompile>
    <ClCompile Include="src\framework\rpc.cpp">
      <Filter>Source Files</Filter>
    </ClCompile>
    <ClCompile Include="src\framework\rpc_plugin.cpp">
      <Filter>Source Files</Filter>
    </ClCompile>
    <ClCompile Include="src\framework\rpc_util.cpp">
      <Filter>Source Files</Filter>
    </ClCompile>
    <ClCompile Include="src\framework\session.cpp">
      <Filter>Source Files</Filter>
    </ClCompile>
    <ClCompile Include="src\framework\stat.cpp">
      <Filter>Source Files</Filter>
    </ClCompile>
    <ClCompile Include="src\framework\stat_manager.cpp">
      <Filter>Source Files</Filter>
    </ClCompile>
    <ClCompile Include="src\framework\when_all.cpp">
      <Filter>Source Files</Filter>
    </ClCompile>
    <ClCompile Include="src\framework\dr\serialize.cpp">
      <Filter>Source Files</Filter>
    </ClCompile>
    <ClCompile Include="src\framework\dr\common\field_pack.cpp">
      <Filter>Source Files</Filter>
    </ClCompile>
    <ClCompile Include="src\framework\dr\protocol\base64_utils.cpp">
      <Filter>Source Files</Filter>
    </ClCompile>
    <ClCompile Include="src\framework\dr\protocol\bson_protocol.cpp">
      <Filter>Source Files</Filter>
    </ClCompile>
    <ClCompile Include="src\framework\dr\protocol\json_protocol.cpp">
      <Filter>Source Files</Filter>
    </ClCompile>
    <ClCompile Include="src\framework\dr\protocol\rapidjson_protocol.cpp">
      <Filter>Source Files</Filter>
    </ClCompile>
    <ClCompile Include="src\framework\dr\transport\buffer_transport.cpp">
      <Filter>Source Files</Filter>
    </ClCompile>
    <ClCompile Include="src\framework\dr\transport\transport_exception.cpp">
      <Filter>Source Files</Filter>
    </ClCompile>
    <ClCompile Include="src\server\control_client.cpp">
      <Filter>Source Files</Filter>
    </ClCompile>
    <ClCompile Include="src\server\error_parser.cpp">
      <Filter>Source Files</Filter>
    </ClCompile>
    <ClCompile Include="src\server\pebble_cmdline.cpp">
      <Filter>Source Files</Filter>
    </ClCompile>
    <ClCompile Include="src\server\pebble_server.cpp">
      <Filter>Source Files</Filter>
    </ClCompile>
    <ClCompile Include="thirdparty\gflags\gflags_test.cpp">
      <Filter>Source Files</Filter>
    </ClCompile>
    <ClCompile Include="thirdparty\gflags-2.0\src\gflags.cc">
      <Filter>Source Files</Filter>
    </ClCompile>
    <ClCompile Include="thirdparty\gflags-2.0\src\gflags_completions.cc">
      <Filter>Source Files</Filter>
    </ClCompile>
    <ClCompile Include="thirdparty\gflags-2.0\src\gflags_nc.cc">
      <Filter>Source Files</Filter>
    </ClCompile>
    <ClCompile Include="thirdparty\gflags-2.0\src\gflags_reporting.cc">
      <Filter>Source Files</Filter>
    </ClCompile>
    <ClCompile Include="thirdparty\gflags-2.0\src\gflags_strip_flags_test.cc">
      <Filter>Source Files</Filter>
    </ClCompile>
    <ClCompile Include="thirdparty\gflags-2.0\src\gflags_unittest-main.cc">
      <Filter>Source Files</Filter>
    </ClCompile>
    <ClCompile Include="thirdparty\gflags-2.0\src\gflags_unittest.cc">
      <Filter>Source Files</Filter>
    </ClCompile>
    <ClCompile Include="thirdparty\gflags-2.0\src\gflags_unittest_main.cc">
      <Filter>Source Files</Filter>
    </ClCompile>
    <ClCompile Include="thirdparty\gflags-2.0\src\windows\port.cc">
      <Filter>Source Files</Filter>
    </ClCompile>
    <ClCompile Include="tools\blade\src\test\testdata\test_cc_binary\plowercase.cpp">
      <Filter>Source Files</Filter>
    </ClCompile>
    <ClCompile Include="tools\blade\src\test\testdata\test_cc_binary\puppercase.cpp">
      <Filter>Source Files</Filter>
    </ClCompile>
    <ClCompile Include="tools\blade\src\test\testdata\test_cc_binary\string_main.cpp">
      <Filter>Source Files</Filter>
    </ClCompile>
    <ClCompile Include="tools\blade\src\test\testdata\test_cc_library\blade_string.cpp">
      <Filter>Source Files</Filter>
    </ClCompile>
    <ClCompile Include="tools\blade\src\test\testdata\test_cc_library\plowercase.cpp">
      <Filter>Source Files</Filter>
    </ClCompile>
    <ClCompile Include="tools\blade\src\test\testdata\test_cc_library\puppercase.cpp">
      <Filter>Source Files</Filter>
    </ClCompile>
    <ClCompile Include="tools\blade\src\test\testdata\test_cc_plugin\plowercase.cpp">
      <Filter>Source Files</Filter>
    </ClCompile>
    <ClCompile Include="tools\blade\src\test\testdata\test_cc_plugin\puppercase.cpp">
      <Filter>Source Files</Filter>
    </ClCompile>
    <ClCompile Include="tools\blade\src\test\testdata\test_cc_plugin\string_plugin.cpp">
      <Filter>Source Files</Filter>
    </ClCompile>
    <ClCompile Include="tools\blade\src\test\testdata\test_cc_test\plowercase.cpp">
      <Filter>Source Files</Filter>
    </ClCompile>
    <ClCompile Include="tools\blade\src\test\testdata\test_cc_test\puppercase.cpp">
      <Filter>Source Files</Filter>
    </ClCompile>
    <ClCompile Include="tools\blade\src\test\testdata\test_cc_test\string_test.cpp">
      <Filter>Source Files</Filter>
    </ClCompile>
    <ClCompile Include="tools\blade\src\test\testdata\test_gen_rule\plowercase.cpp">
      <Filter>Source Files</Filter>
    </ClCompile>
    <ClCompile Include="tools\blade\src\test\testdata\test_gen_rule\puppercase.cpp">
      <Filter>Source Files</Filter>
    </ClCompile>
    <ClCompile Include="tools\blade\src\test\testdata\test_java_jar\rpc_server.cc">
      <Filter>Source Files</Filter>
    </ClCompile>
    <ClCompile Include="tools\blade\src\test\testdata\test_lex_yacc\plowercase.cpp">
      <Filter>Source Files</Filter>
    </ClCompile>
    <ClCompile Include="tools\blade\src\test\testdata\test_prebuild_cc_library\puppercase.cpp">
      <Filter>Source Files</Filter>
    </ClCompile>
    <ClCompile Include="tools\blade\src\test\testdata\test_proto_library\plowercase.cpp">
      <Filter>Source Files</Filter>
    </ClCompile>
    <ClCompile Include="tools\blade\src\test\testdata\test_resource_library\plowercase.cpp">
      <Filter>Source Files</Filter>
    </ClCompile>
    <ClCompile Include="tools\blade\src\test\testdata\test_swig_library\plowercase.cpp">
      <Filter>Source Files</Filter>
    </ClCompile>
    <ClCompile Include="tools\blade\src\test\testdata\test_test_runner\plowercase.cpp">
      <Filter>Source Files</Filter>
    </ClCompile>
    <ClCompile Include="tools\blade\src\test\testdata\test_test_runner\puppercase.cpp">
      <Filter>Source Files</Filter>
    </ClCompile>
    <ClCompile Include="tools\blade\src\test\testdata\test_test_runner\string_test.cpp">
      <Filter>Source Files</Filter>
    </ClCompile>
    <ClCompile Include="tools\blade\src\test\testdata\test_test_runner\string_test_2.cpp">
      <Filter>Source Files</Filter>
    </ClCompile>
    <ClCompile Include="tools\compiler\dr\src\main.cc">
      <Filter>Source Files</Filter>
    </ClCompile>
    <ClCompile Include="tools\compiler\dr\src\thriftl.cc">
      <Filter>Source Files</Filter>
    </ClCompile>
    <ClCompile Include="tools\compiler\dr\src\thrifty.cc">
      <Filter>Source Files</Filter>
    </ClCompile>
    <ClCompile Include="tools\compiler\dr\src\md5.c">
      <Filter>Source Files</Filter>
    </ClCompile>
    <ClCompile Include="tools\compiler\dr\src\generate\t_as3_generator.cc">
      <Filter>Source Files</Filter>
    </ClCompile>
    <ClCompile Include="tools\compiler\dr\src\generate\t_cocoa_generator.cc">
      <Filter>Source Files</Filter>
    </ClCompile>
    <ClCompile Include="tools\compiler\dr\src\generate\t_cpp_client_generator.cc">
      <Filter>Source Files</Filter>
    </ClCompile>
    <ClCompile Include="tools\compiler\dr\src\generate\t_cpp_generator.cc">
      <Filter>Source Files</Filter>
    </ClCompile>
    <ClCompile Include="tools\compiler\dr\src\generate\t_csharp_generator.cc">
      <Filter>Source Files</Filter>
    </ClCompile>
    <ClCompile Include="tools\compiler\dr\src\generate\t_c_glib_generator.cc">
      <Filter>Source Files</Filter>
    </ClCompile>
    <ClCompile Include="tools\compiler\dr\src\generate\t_delphi_generator.cc">
      <Filter>Source Files</Filter>
    </ClCompile>
    <ClCompile Include="tools\compiler\dr\src\generate\t_d_generator.cc">
      <Filter>Source Files</Filter>
    </ClCompile>
    <ClCompile Include="tools\compiler\dr\src\generate\t_erl_generator.cc">
      <Filter>Source Files</Filter>
    </ClCompile>
    <ClCompile Include="tools\compiler\dr\src\generate\t_generator.cc">
      <Filter>Source Files</Filter>
    </ClCompile>
    <ClCompile Include="tools\compiler\dr\src\generate\t_go_generator.cc">
      <Filter>Source Files</Filter>
    </ClCompile>
    <ClCompile Include="tools\compiler\dr\src\generate\t_gv_generator.cc">
      <Filter>Source Files</Filter>
    </ClCompile>
    <ClCompile Include="tools\compiler\dr\src\generate\t_hs_generator.cc">
      <Filter>Source Files</Filter>
    </ClCompile>
    <ClCompile Include="tools\compiler\dr\src\generate\t_html_generator.cc">
      <Filter>Source Files</Filter>
    </ClCompile>
    <ClCompile Include="tools\compiler\dr\src\generate\t_javame_generator.cc">
      <Filter>Source Files</Filter>
    </ClCompile>
    <ClCompile Include="tools\compiler\dr\src\generate\t_java_generator.cc">
      <Filter>Source Files</Filter>
    </ClCompile>
    <ClCompile Include="tools\compiler\dr\src\generate\t_json_generator.cc">
      <Filter>Source Files</Filter>
    </ClCompile>
    <ClCompile Include="tools\compiler\dr\src\generate\t_js_generator.cc">
      <Filter>Source Files</Filter>
    </ClCompile>
    <ClCompile Include="tools\compiler\dr\src\generate\t_lua_generator.cc">
      <Filter>Source Files</Filter>
    </ClCompile>
    <ClCompile Include="tools\compiler\dr\src\generate\t_ocaml_generator.cc">
      <Filter>Source Files</Filter>
    </ClCompile>
    <ClCompile Include="tools\compiler\dr\src\generate\t_perl_generator.cc">
      <Filter>Source Files</Filter>
    </ClCompile>
    <ClCompile Include="tools\compiler\dr\src\generate\t_php_generator.cc">
      <Filter>Source Files</Filter>
    </ClCompile>
    <ClCompile Include="tools\compiler\dr\src\generate\t_py_generator.cc">
      <Filter>Source Files</Filter>
    </ClCompile>
    <ClCompile Include="tools\compiler\dr\src\generate\t_rb_generator.cc">
      <Filter>Source Files</Filter>
    </ClCompile>
    <ClCompile Include="tools\compiler\dr\src\generate\t_st_generator.cc">
      <Filter>Source Files</Filter>
    </ClCompile>
    <ClCompile Include="tools\compiler\dr\src\generate\t_xsd_generator.cc">
      <Filter>Source Files</Filter>
    </ClCompile>
    <ClCompile Include="tools\compiler\dr\src\parse\parse.cc">
      <Filter>Source Files</Filter>
    </ClCompile>
    <ClCompile Include="tools\compiler\dr\src\parse\t_typedef.cc">
      <Filter>Source Files</Filter>
    </ClCompile>
    <ClCompile Include="tools\compiler\pb\src\cpp_generator.cpp">
      <Filter>Source Files</Filter>
    </ClCompile>
    <ClCompile Include="tools\compiler\pb\src\cpp_plugin.cpp">
      <Filter>Source Files</Filter>
    </ClCompile>
  </ItemGroup>
  <ItemGroup>
    <ClInclude Include="src\client\pebble_client.h">
      <Filter>Header Files</Filter>
    </ClInclude>
    <ClInclude Include="src\common\base64.h">
      <Filter>Header Files</Filter>
    </ClInclude>
    <ClInclude Include="src\common\blocking_queue.h">
      <Filter>Header Files</Filter>
    </ClInclude>
    <ClInclude Include="src\common\condition_variable.h">
      <Filter>Header Files</Filter>
    </ClInclude>
    <ClInclude Include="src\common\coroutine.h">
      <Filter>Header Files</Filter>
    </ClInclude>
    <ClInclude Include="src\common\cpu.h">
      <Filter>Header Files</Filter>
    </ClInclude>
    <ClInclude Include="src\common\dir_util.h">
      <Filter>Header Files</Filter>
    </ClInclude>
    <ClInclude Include="src\common\error.h">
      <Filter>Header Files</Filter>
    </ClInclude>
    <ClInclude Include="src\common\file_util.h">
      <Filter>Header Files</Filter>
    </ClInclude>
    <ClInclude Include="src\common\ini_reader.h">
      <Filter>Header Files</Filter>
    </ClInclude>
    <ClInclude Include="src\common\log.h">
      <Filter>Header Files</Filter>
    </ClInclude>
    <ClInclude Include="src\common\memory.h">
      <Filter>Header Files</Filter>
    </ClInclude>
    <ClInclude Include="src\common\mutex.h">
      <Filter>Header Files</Filter>
    </ClInclude>
    <ClInclude Include="src\common\net_util.h">
      <Filter>Header Files</Filter>
    </ClInclude>
    <ClInclude Include="src\common\platform.h">
      <Filter>Header Files</Filter>
    </ClInclude>
    <ClInclude Include="src\common\random.h">
      <Filter>Header Files</Filter>
    </ClInclude>
    <ClInclude Include="src\common\sha1.h">
      <Filter>Header Files</Filter>
    </ClInclude>
    <ClInclude Include="src\common\string_utility.h">
      <Filter>Header Files</Filter>
    </ClInclude>
    <ClInclude Include="src\common\thread.h">
      <Filter>Header Files</Filter>
    </ClInclude>
    <ClInclude Include="src\common\thread_pool.h">
      <Filter>Header Files</Filter>
    </ClInclude>
    <ClInclude Include="src\common\timer.h">
      <Filter>Header Files</Filter>
    </ClInclude>
    <ClInclude Include="src\common\time_utility.h">
      <Filter>Header Files</Filter>
    </ClInclude>
    <ClInclude Include="src\common\uncopyable.h">
      <Filter>Header Files</Filter>
    </ClInclude>
    <ClInclude Include="src\extension\extension.h">
      <Filter>Header Files</Filter>
    </ClInclude>
    <ClInclude Include="src\extension\redis\redis_co.h">
      <Filter>Header Files</Filter>
    </ClInclude>
    <ClInclude Include="src\extension\zookeeper\zookeeper_client.h">
      <Filter>Header Files</Filter>
    </ClInclude>
    <ClInclude Include="src\extension\zookeeper\zookeeper_error.h">
      <Filter>Header Files</Filter>
    </ClInclude>
    <ClInclude Include="src\extension\zookeeper\zookeeper_naming.h">
      <Filter>Header Files</Filter>
    </ClInclude>
    <ClInclude Include="src\framework\broadcast_mgr.h">
      <Filter>Header Files</Filter>
    </ClInclude>
    <ClInclude Include="src\framework\channel_mgr.h">
      <Filter>Header Files</Filter>
    </ClInclude>
    <ClInclude Include="src\framework\gdata_api.h">
      <Filter>Header Files</Filter>
    </ClInclude>
    <ClInclude Include="src\framework\gdata_err.h">
      <Filter>Header Files</Filter>
    </ClInclude>
    <ClInclude Include="src\framework\message.h">
      <Filter>Header Files</Filter>
    </ClInclude>
    <ClInclude Include="src\framework\monitor.h">
      <Filter>Header Files</Filter>
    </ClInclude>
    <ClInclude Include="src\framework\naming.h">
      <Filter>Header Files</Filter>
    </ClInclude>
    <ClInclude Include="src\framework\net_message.h">
      <Filter>Header Files</Filter>
    </ClInclude>
    <ClInclude Include="src\framework\options.h">
      <Filter>Header Files</Filter>
    </ClInclude>
    <ClInclude Include="src\framework\pebble_rpc.h">
      <Filter>Header Files</Filter>
    </ClInclude>
    <ClInclude Include="src\framework\processor.h">
      <Filter>Header Files</Filter>
    </ClInclude>
    <ClInclude Include="src\framework\raw_message_driver.h">
      <Filter>Header Files</Filter>
    </ClInclude>
    <ClInclude Include="src\framework\register_error.h">
      <Filter>Header Files</Filter>
    </ClInclude>
    <ClInclude Include="src\framework\router.h">
      <Filter>Header Files</Filter>
    </ClInclude>
    <ClInclude Include="src\framework\rpc.h">
      <Filter>Header Files</Filter>
    </ClInclude>
    <ClInclude Include="src\framework\session.h">
      <Filter>Header Files</Filter>
    </ClInclude>
    <ClInclude Include="src\framework\stat.h">
      <Filter>Header Files</Filter>
    </ClInclude>
    <ClInclude Include="src\framework\stat_manager.h">
      <Filter>Header Files</Filter>
    </ClInclude>
    <ClInclude Include="src\framework\when_all.h">
      <Filter>Header Files</Filter>
    </ClInclude>
    <ClInclude Include="src\framework\dr\serialize.h">
      <Filter>Header Files</Filter>
    </ClInclude>
    <ClInclude Include="src\framework\dr\common\common.h">
      <Filter>Header Files</Filter>
    </ClInclude>
    <ClInclude Include="src\framework\dr\common\dr_define.h">
      <Filter>Header Files</Filter>
    </ClInclude>
    <ClInclude Include="src\framework\dr\common\field_pack.h">
      <Filter>Header Files</Filter>
    </ClInclude>
    <ClInclude Include="src\framework\dr\common\fp_util.h">
      <Filter>Header Files</Filter>
    </ClInclude>
    <ClInclude Include="src\framework\dr\common\reflection.h">
      <Filter>Header Files</Filter>
    </ClInclude>
    <ClInclude Include="src\framework\dr\common\reflection_local.h">
      <Filter>Header Files</Filter>
    </ClInclude>
    <ClInclude Include="src\framework\dr\common\to_string.h">
      <Filter>Header Files</Filter>
    </ClInclude>
    <ClInclude Include="src\framework\dr\protocol\base64_utils.h">
      <Filter>Header Files</Filter>
    </ClInclude>
    <ClInclude Include="src\framework\dr\protocol\binary_protocol.h">
      <Filter>Header Files</Filter>
    </ClInclude>
    <ClInclude Include="src\framework\dr\protocol\bson_protocol.h">
      <Filter>Header Files</Filter>
    </ClInclude>
    <ClInclude Include="src\framework\dr\protocol\json_protocol.h">
      <Filter>Header Files</Filter>
    </ClInclude>
    <ClInclude Include="src\framework\dr\protocol\protocol.h">
      <Filter>Header Files</Filter>
    </ClInclude>
    <ClInclude Include="src\framework\dr\protocol\protocol_exception.h">
      <Filter>Header Files</Filter>
    </ClInclude>
    <ClInclude Include="src\framework\dr\protocol\protocol_tap.h">
      <Filter>Header Files</Filter>
    </ClInclude>
    <ClInclude Include="src\framework\dr\protocol\rapidjson_protocol.h">
      <Filter>Header Files</Filter>
    </ClInclude>
    <ClInclude Include="src\framework\dr\protocol\virtual_protocol.h">
      <Filter>Header Files</Filter>
    </ClInclude>
    <ClInclude Include="src\framework\dr\transport\buffer_transport.h">
      <Filter>Header Files</Filter>
    </ClInclude>
    <ClInclude Include="src\framework\dr\transport\transport.h">
      <Filter>Header Files</Filter>
    </ClInclude>
    <ClInclude Include="src\framework\dr\transport\transport_exception.h">
      <Filter>Header Files</Filter>
    </ClInclude>
    <ClInclude Include="src\framework\dr\transport\virtual_transport.h">
      <Filter>Header Files</Filter>
    </ClInclude>
    <ClInclude Include="src\server\pebble.h">
      <Filter>Header Files</Filter>
    </ClInclude>
    <ClInclude Include="src\server\pebble_cmdline.h">
      <Filter>Header Files</Filter>
    </ClInclude>
    <ClInclude Include="src\server\pebble_server.h">
      <Filter>Header Files</Filter>
    </ClInclude>
    <ClInclude Include="thirdparty\gflags\gflags.h">
      <Filter>Header Files</Filter>
    </ClInclude>
    <ClInclude Include="thirdparty\gflags\gflags_completions.h">
      <Filter>Header Files</Filter>
    </ClInclude>
    <ClInclude Include="thirdparty\gflags\gflags_declare.h">
      <Filter>Header Files</Filter>
    </ClInclude>
    <ClInclude Include="thirdparty\gflags\linux_include\gflags.h">
      <Filter>Header Files</Filter>
    </ClInclude>
    <ClInclude Include="thirdparty\gflags\linux_include\gflags_completions.h">
      <Filter>Header Files</Filter>
    </ClInclude>
    <ClInclude Include="thirdparty\gflags\windows_include\gflags.h">
      <Filter>Header Files</Filter>
    </ClInclude>
    <ClInclude Include="thirdparty\gflags\windows_include\gflags_completions.h">
      <Filter>Header Files</Filter>
    </ClInclude>
    <ClInclude Include="thirdparty\gflags-2.0\src\config.h">
      <Filter>Header Files</Filter>
    </ClInclude>
    <ClInclude Include="thirdparty\gflags-2.0\src\config_for_unittests.h">
      <Filter>Header Files</Filter>
    </ClInclude>
    <ClInclude Include="thirdparty\gflags-2.0\src\config_linux.h">
      <Filter>Header Files</Filter>
    </ClInclude>
    <ClInclude Include="thirdparty\gflags-2.0\src\mutex.h">
      <Filter>Header Files</Filter>
    </ClInclude>
    <ClInclude Include="thirdparty\gflags-2.0\src\util.h">
      <Filter>Header Files</Filter>
    </ClInclude>
    <ClInclude Include="thirdparty\gflags-2.0\src\gflags\gflags.h">
      <Filter>Header Files</Filter>
    </ClInclude>
    <ClInclude Include="thirdparty\gflags-2.0\src\gflags\gflags_completions.h">
      <Filter>Header Files</Filter>
    </ClInclude>
    <ClInclude Include="thirdparty\gflags-2.0\src\gflags\gflags_declare.h">
      <Filter>Header Files</Filter>
    </ClInclude>
    <ClInclude Include="thirdparty\gflags-2.0\src\google\gflags.h">
      <Filter>Header Files</Filter>
    </ClInclude>
    <ClInclude Include="thirdparty\gflags-2.0\src\google\gflags_completions.h">
      <Filter>Header Files</Filter>
    </ClInclude>
    <ClInclude Include="thirdparty\gflags-2.0\src\windows\config.h">
      <Filter>Header Files</Filter>
    </ClInclude>
    <ClInclude Include="thirdparty\gflags-2.0\src\windows\port.h">
      <Filter>Header Files</Filter>
    </ClInclude>
    <ClInclude Include="thirdparty\gflags-2.0\src\windows\gflags\gflags.h">
      <Filter>Header Files</Filter>
    </ClInclude>
    <ClInclude Include="thirdparty\gflags-2.0\src\windows\gflags\gflags_completions.h">
      <Filter>Header Files</Filter>
    </ClInclude>
    <ClInclude Include="thirdparty\gflags-2.0\src\windows\gflags\gflags_declare.h">
      <Filter>Header Files</Filter>
    </ClInclude>
    <ClInclude Include="thirdparty\hiredis\async.h">
      <Filter>Header Files</Filter>
    </ClInclude>
    <ClInclude Include="thirdparty\hiredis\dict.h">
      <Filter>Header Files</Filter>
    </ClInclude>
    <ClInclude Include="thirdparty\hiredis\fmacros.h">
      <Filter>Header Files</Filter>
    </ClInclude>
    <ClInclude Include="thirdparty\hiredis\hiredis.h">
      <Filter>Header Files</Filter>
    </ClInclude>
    <ClInclude Include="thirdparty\hiredis\net.h">
      <Filter>Header Files</Filter>
    </ClInclude>
    <ClInclude Include="thirdparty\hiredis\read.h">
      <Filter>Header Files</Filter>
    </ClInclude>
    <ClInclude Include="thirdparty\hiredis\sds.h">
      <Filter>Header Files</Filter>
    </ClInclude>
    <ClInclude Include="thirdparty\hiredis\win32.h">
      <Filter>Header Files</Filter>
    </ClInclude>
    <ClInclude Include="thirdparty\hiredis\adapters\ae.h">
      <Filter>Header Files</Filter>
    </ClInclude>
    <ClInclude Include="thirdparty\hiredis\adapters\glib.h">
      <Filter>Header Files</Filter>
    </ClInclude>
    <ClInclude Include="thirdparty\hiredis\adapters\ivykis.h">
      <Filter>Header Files</Filter>
    </ClInclude>
    <ClInclude Include="thirdparty\hiredis\adapters\libev.h">
      <Filter>Header Files</Filter>
    </ClInclude>
    <ClInclude Include="thirdparty\hiredis\adapters\libevent.h">
      <Filter>Header Files</Filter>
    </ClInclude>
    <ClInclude Include="thirdparty\hiredis\adapters\libuv.h">
      <Filter>Header Files</Filter>
    </ClInclude>
    <ClInclude Include="thirdparty\hiredis\adapters\macosx.h">
      <Filter>Header Files</Filter>
    </ClInclude>
    <ClInclude Include="thirdparty\hiredis\adapters\qt.h">
      <Filter>Header Files</Filter>
    </ClInclude>
    <ClInclude Include="thirdparty\libev\include\config.h">
      <Filter>Header Files</Filter>
    </ClInclude>
    <ClInclude Include="thirdparty\libev\include\ev++.h">
      <Filter>Header Files</Filter>
    </ClInclude>
    <ClInclude Include="thirdparty\libev\include\ev.h">
      <Filter>Header Files</Filter>
    </ClInclude>
    <ClInclude Include="thirdparty\libev\include\event.h">
      <Filter>Header Files</Filter>
    </ClInclude>
    <ClInclude Include="thirdparty\libev\include\ev_vars.h">
      <Filter>Header Files</Filter>
    </ClInclude>
    <ClInclude Include="thirdparty\libev\include\ev_wrap.h">
      <Filter>Header Files</Filter>
    </ClInclude>
    <ClInclude Include="thirdparty\protobuf\include\google\protobuf\descriptor.h">
      <Filter>Header Files</Filter>
    </ClInclude>
    <ClInclude Include="thirdparty\protobuf\include\google\protobuf\descriptor.pb.h">
      <Filter>Header Files</Filter>
    </ClInclude>
    <ClInclude Include="thirdparty\protobuf\include\google\protobuf\descriptor_database.h">
      <Filter>Header Files</Filter>
    </ClInclude>
    <ClInclude Include="thirdparty\protobuf\include\google\protobuf\dynamic_message.h">
      <Filter>Header Files</Filter>
    </ClInclude>
    <ClInclude Include="thirdparty\protobuf\include\google\protobuf\extension_set.h">
      <Filter>Header Files</Filter>
    </ClInclude>
    <ClInclude Include="thirdparty\protobuf\include\google\protobuf\generated_enum_reflection.h">
      <Filter>Header Files</Filter>
    </ClInclude>
    <ClInclude Include="thirdparty\protobuf\include\google\protobuf\generated_message_reflection.h">
      <Filter>Header Files</Filter>
    </ClInclude>
    <ClInclude Include="thirdparty\protobuf\include\google\protobuf\generated_message_util.h">
      <Filter>Header Files</Filter>
    </ClInclude>
    <ClInclude Include="thirdparty\protobuf\include\google\protobuf\message.h">
      <Filter>Header Files</Filter>
    </ClInclude>
    <ClInclude Include="thirdparty\protobuf\include\google\protobuf\message_lite.h">
      <Filter>Header Files</Filter>
    </ClInclude>
    <ClInclude Include="thirdparty\protobuf\include\google\protobuf\reflection_ops.h">
      <Filter>Header Files</Filter>
    </ClInclude>
    <ClInclude Include="thirdparty\protobuf\include\google\protobuf\repeated_field.h">
      <Filter>Header Files</Filter>
    </ClInclude>
    <ClInclude Include="thirdparty\protobuf\include\google\protobuf\service.h">
      <Filter>Header Files</Filter>
    </ClInclude>
    <ClInclude Include="thirdparty\protobuf\include\google\protobuf\text_format.h">
      <Filter>Header Files</Filter>
    </ClInclude>
    <ClInclude Include="thirdparty\protobuf\include\google\protobuf\unknown_field_set.h">
      <Filter>Header Files</Filter>
    </ClInclude>
    <ClInclude Include="thirdparty\protobuf\include\google\protobuf\wire_format.h">
      <Filter>Header Files</Filter>
    </ClInclude>
    <ClInclude Include="thirdparty\protobuf\include\google\protobuf\wire_format_lite.h">
      <Filter>Header Files</Filter>
    </ClInclude>
    <ClInclude Include="thirdparty\protobuf\include\google\protobuf\wire_format_lite_inl.h">
      <Filter>Header Files</Filter>
    </ClInclude>
    <ClInclude Include="thirdparty\protobuf\include\google\protobuf\compiler\code_generator.h">
      <Filter>Header Files</Filter>
    </ClInclude>
    <ClInclude Include="thirdparty\protobuf\include\google\protobuf\compiler\command_line_interface.h">
      <Filter>Header Files</Filter>
    </ClInclude>
    <ClInclude Include="thirdparty\protobuf\include\google\protobuf\compiler\importer.h">
      <Filter>Header Files</Filter>
    </ClInclude>
    <ClInclude Include="thirdparty\protobuf\include\google\protobuf\compiler\parser.h">
      <Filter>Header Files</Filter>
    </ClInclude>
    <ClInclude Include="thirdparty\protobuf\include\google\protobuf\compiler\plugin.h">
      <Filter>Header Files</Filter>
    </ClInclude>
    <ClInclude Include="thirdparty\protobuf\include\google\protobuf\compiler\plugin.pb.h">
      <Filter>Header Files</Filter>
    </ClInclude>
    <ClInclude Include="thirdparty\protobuf\include\google\protobuf\compiler\cpp\cpp_generator.h">
      <Filter>Header Files</Filter>
    </ClInclude>
    <ClInclude Include="thirdparty\protobuf\include\google\protobuf\compiler\java\java_generator.h">
      <Filter>Header Files</Filter>
    </ClInclude>
    <ClInclude Include="thirdparty\protobuf\include\google\protobuf\compiler\python\python_generator.h">
      <Filter>Header Files</Filter>
    </ClInclude>
    <ClInclude Include="thirdparty\protobuf\include\google\protobuf\io\coded_stream.h">
      <Filter>Header Files</Filter>
    </ClInclude>
    <ClInclude Include="thirdparty\protobuf\include\google\protobuf\io\gzip_stream.h">
      <Filter>Header Files</Filter>
    </ClInclude>
    <ClInclude Include="thirdparty\protobuf\include\google\protobuf\io\printer.h">
      <Filter>Header Files</Filter>
    </ClInclude>
    <ClInclude Include="thirdparty\protobuf\include\google\protobuf\io\strtod.h">
      <Filter>Header Files</Filter>
    </ClInclude>
    <ClInclude Include="thirdparty\protobuf\include\google\protobuf\io\tokenizer.h">
      <Filter>Header Files</Filter>
    </ClInclude>
    <ClInclude Include="thirdparty\protobuf\include\google\protobuf\io\zero_copy_stream.h">
      <Filter>Header Files</Filter>
    </ClInclude>
    <ClInclude Include="thirdparty\protobuf\include\google\protobuf\io\zero_copy_stream_impl.h">
      <Filter>Header Files</Filter>
    </ClInclude>
    <ClInclude Include="thirdparty\protobuf\include\google\protobuf\io\zero_copy_stream_impl_lite.h">
      <Filter>Header Files</Filter>
    </ClInclude>
    <ClInclude Include="thirdparty\protobuf\include\google\protobuf\stubs\atomicops.h">
      <Filter>Header Files</Filter>
    </ClInclude>
    <ClInclude Include="thirdparty\protobuf\include\google\protobuf\stubs\atomicops_internals_arm_gcc.h">
      <Filter>Header Files</Filter>
    </ClInclude>
    <ClInclude Include="thirdparty\protobuf\include\google\protobuf\stubs\atomicops_internals_arm_qnx.h">
      <Filter>Header Files</Filter>
    </ClInclude>
    <ClInclude Include="thirdparty\protobuf\include\google\protobuf\stubs\atomicops_internals_atomicword_compat.h">
      <Filter>Header Files</Filter>
    </ClInclude>
    <ClInclude Include="thirdparty\protobuf\include\google\protobuf\stubs\atomicops_internals_macosx.h">
      <Filter>Header Files</Filter>
    </ClInclude>
    <ClInclude Include="thirdparty\protobuf\include\google\protobuf\stubs\atomicops_internals_mips_gcc.h">
      <Filter>Header Files</Filter>
    </ClInclude>
    <ClInclude Include="thirdparty\protobuf\include\google\protobuf\stubs\atomicops_internals_pnacl.h">
      <Filter>Header Files</Filter>
    </ClInclude>
    <ClInclude Include="thirdparty\protobuf\include\google\protobuf\stubs\atomicops_internals_x86_gcc.h">
      <Filter>Header Files</Filter>
    </ClInclude>
    <ClInclude Include="thirdparty\protobuf\include\google\protobuf\stubs\atomicops_internals_x86_msvc.h">
      <Filter>Header Files</Filter>
    </ClInclude>
    <ClInclude Include="thirdparty\protobuf\include\google\protobuf\stubs\common.h">
      <Filter>Header Files</Filter>
    </ClInclude>
    <ClInclude Include="thirdparty\protobuf\include\google\protobuf\stubs\once.h">
      <Filter>Header Files</Filter>
    </ClInclude>
    <ClInclude Include="thirdparty\protobuf\include\google\protobuf\stubs\platform_macros.h">
      <Filter>Header Files</Filter>
    </ClInclude>
    <ClInclude Include="thirdparty\protobuf\include\google\protobuf\stubs\stl_util.h">
      <Filter>Header Files</Filter>
    </ClInclude>
    <ClInclude Include="thirdparty\protobuf\include\google\protobuf\stubs\template_util.h">
      <Filter>Header Files</Filter>
    </ClInclude>
    <ClInclude Include="thirdparty\protobuf\include\google\protobuf\stubs\type_traits.h">
      <Filter>Header Files</Filter>
    </ClInclude>
    <ClInclude Include="thirdparty\rapidjson\allocators.h">
      <Filter>Header Files</Filter>
    </ClInclude>
    <ClInclude Include="thirdparty\rapidjson\document.h">
      <Filter>Header Files</Filter>
    </ClInclude>
    <ClInclude Include="thirdparty\rapidjson\encodedstream.h">
      <Filter>Header Files</Filter>
    </ClInclude>
    <ClInclude Include="thirdparty\rapidjson\encodings.h">
      <Filter>Header Files</Filter>
    </ClInclude>
    <ClInclude Include="thirdparty\rapidjson\filereadstream.h">
      <Filter>Header Files</Filter>
    </ClInclude>
    <ClInclude Include="thirdparty\rapidjson\filewritestream.h">
      <Filter>Header Files</Filter>
    </ClInclude>
    <ClInclude Include="thirdparty\rapidjson\memorybuffer.h">
      <Filter>Header Files</Filter>
    </ClInclude>
    <ClInclude Include="thirdparty\rapidjson\memorystream.h">
      <Filter>Header Files</Filter>
    </ClInclude>
    <ClInclude Include="thirdparty\rapidjson\prettywriter.h">
      <Filter>Header Files</Filter>
    </ClInclude>
    <ClInclude Include="thirdparty\rapidjson\rapidjson.h">
      <Filter>Header Files</Filter>
    </ClInclude>
    <ClInclude Include="thirdparty\rapidjson\reader.h">
      <Filter>Header Files</Filter>
    </ClInclude>
    <ClInclude Include="thirdparty\rapidjson\stringbuffer.h">
      <Filter>Header Files</Filter>
    </ClInclude>
    <ClInclude Include="thirdparty\rapidjson\writer.h">
      <Filter>Header Files</Filter>
    </ClInclude>
    <ClInclude Include="thirdparty\rapidjson\error\en.h">
      <Filter>Header Files</Filter>
    </ClInclude>
    <ClInclude Include="thirdparty\rapidjson\error\error.h">
      <Filter>Header Files</Filter>
    </ClInclude>
    <ClInclude Include="thirdparty\rapidjson\internal\biginteger.h">
      <Filter>Header Files</Filter>
    </ClInclude>
    <ClInclude Include="thirdparty\rapidjson\internal\diyfp.h">
      <Filter>Header Files</Filter>
    </ClInclude>
    <ClInclude Include="thirdparty\rapidjson\internal\dtoa.h">
      <Filter>Header Files</Filter>
    </ClInclude>
    <ClInclude Include="thirdparty\rapidjson\internal\ieee754.h">
      <Filter>Header Files</Filter>
    </ClInclude>
    <ClInclude Include="thirdparty\rapidjson\internal\itoa.h">
      <Filter>Header Files</Filter>
    </ClInclude>
    <ClInclude Include="thirdparty\rapidjson\internal\meta.h">
      <Filter>Header Files</Filter>
    </ClInclude>
    <ClInclude Include="thirdparty\rapidjson\internal\pow10.h">
      <Filter>Header Files</Filter>
    </ClInclude>
    <ClInclude Include="thirdparty\rapidjson\internal\stack.h">
      <Filter>Header Files</Filter>
    </ClInclude>
    <ClInclude Include="thirdparty\rapidjson\internal\strfunc.h">
      <Filter>Header Files</Filter>
    </ClInclude>
    <ClInclude Include="thirdparty\rapidjson\internal\strtod.h">
      <Filter>Header Files</Filter>
    </ClInclude>
    <ClInclude Include="thirdparty\rapidjson\msinttypes\inttypes.h">
      <Filter>Header Files</Filter>
    </ClInclude>
    <ClInclude Include="thirdparty\rapidjson\msinttypes\stdint.h">
      <Filter>Header Files</Filter>
    </ClInclude>
    <ClInclude Include="thirdparty\zookeeper\include\proto.h">
      <Filter>Header Files</Filter>
    </ClInclude>
    <ClInclude Include="thirdparty\zookeeper\include\recordio.h">
      <Filter>Header Files</Filter>
    </ClInclude>
    <ClInclude Include="thirdparty\zookeeper\include\zookeeper.h">
      <Filter>Header Files</Filter>
    </ClInclude>
    <ClInclude Include="thirdparty\zookeeper\include\zookeeper.jute.h">
      <Filter>Header Files</Filter>
    </ClInclude>
    <ClInclude Include="thirdparty\zookeeper\include\zookeeper_log.h">
      <Filter>Header Files</Filter>
    </ClInclude>
    <ClInclude Include="thirdparty\zookeeper\include\zookeeper_version.h">
      <Filter>Header Files</Filter>
    </ClInclude>
    <ClInclude Include="tools\compiler\dr\version.h">
      <Filter>Header Files</Filter>
    </ClInclude>
    <ClInclude Include="tools\compiler\dr\src\globals.h">
      <Filter>Header Files</Filter>
    </ClInclude>
    <ClInclude Include="tools\compiler\dr\src\logging.h">
      <Filter>Header Files</Filter>
    </ClInclude>
    <ClInclude Include="tools\compiler\dr\src\main.h">
      <Filter>Header Files</Filter>
    </ClInclude>
    <ClInclude Include="tools\compiler\dr\src\md5.h">
      <Filter>Header Files</Filter>
    </ClInclude>
    <ClInclude Include="tools\compiler\dr\src\platform.h">
      <Filter>Header Files</Filter>
    </ClInclude>
    <ClInclude Include="tools\compiler\dr\src\thrifty.hh">
      <Filter>Header Files</Filter>
    </ClInclude>
    <ClInclude Include="tools\compiler\dr\src\generate\t_generator.h">
      <Filter>Header Files</Filter>
    </ClInclude>
    <ClInclude Include="tools\compiler\dr\src\generate\t_generator_registry.h">
      <Filter>Header Files</Filter>
    </ClInclude>
    <ClInclude Include="tools\compiler\dr\src\generate\t_html_generator.h">
      <Filter>Header Files</Filter>
    </ClInclude>
    <ClInclude Include="tools\compiler\dr\src\generate\t_oop_generator.h">
      <Filter>Header Files</Filter>
    </ClInclude>
    <ClInclude Include="tools\compiler\dr\src\parse\t_attributes.h">
      <Filter>Header Files</Filter>
    </ClInclude>
    <ClInclude Include="tools\compiler\dr\src\parse\t_base_type.h">
      <Filter>Header Files</Filter>
    </ClInclude>
    <ClInclude Include="tools\compiler\dr\src\parse\t_const.h">
      <Filter>Header Files</Filter>
    </ClInclude>
    <ClInclude Include="tools\compiler\dr\src\parse\t_const_value.h">
      <Filter>Header Files</Filter>
    </ClInclude>
    <ClInclude Include="tools\compiler\dr\src\parse\t_container.h">
      <Filter>Header Files</Filter>
    </ClInclude>
    <ClInclude Include="tools\compiler\dr\src\parse\t_doc.h">
      <Filter>Header Files</Filter>
    </ClInclude>
    <ClInclude Include="tools\compiler\dr\src\parse\t_enum.h">
      <Filter>Header Files</Filter>
    </ClInclude>
    <ClInclude Include="tools\compiler\dr\src\parse\t_enum_value.h">
      <Filter>Header Files</Filter>
    </ClInclude>
    <ClInclude Include="tools\compiler\dr\src\parse\t_field.h">
      <Filter>Header Files</Filter>
    </ClInclude>
    <ClInclude Include="tools\compiler\dr\src\parse\t_function.h">
      <Filter>Header Files</Filter>
    </ClInclude>
    <ClInclude Include="tools\compiler\dr\src\parse\t_list.h">
      <Filter>Header Files</Filter>
    </ClInclude>
    <ClInclude Include="tools\compiler\dr\src\parse\t_map.h">
      <Filter>Header Files</Filter>
    </ClInclude>
    <ClInclude Include="tools\compiler\dr\src\parse\t_program.h">
      <Filter>Header Files</Filter>
    </ClInclude>
    <ClInclude Include="tools\compiler\dr\src\parse\t_scope.h">
      <Filter>Header Files</Filter>
    </ClInclude>
    <ClInclude Include="tools\compiler\dr\src\parse\t_service.h">
      <Filter>Header Files</Filter>
    </ClInclude>
    <ClInclude Include="tools\compiler\dr\src\parse\t_set.h">
      <Filter>Header Files</Filter>
    </ClInclude>
    <ClInclude Include="tools\compiler\dr\src\parse\t_struct.h">
      <Filter>Header Files</Filter>
    </ClInclude>
    <ClInclude Include="tools\compiler\dr\src\parse\t_type.h">
      <Filter>Header Files</Filter>
    </ClInclude>
    <ClInclude Include="tools\compiler\dr\src\parse\t_typedef.h">
      <Filter>Header Files</Filter>
    </ClInclude>
    <ClInclude Include="tools\compiler\dr\src\windows\config.h">
      <Filter>Header Files</Filter>
    </ClInclude>
    <ClInclude Include="tools\compiler\dr\src\windows\version.h">
      <Filter>Header Files</Filter>
    </ClInclude>
    <ClInclude Include="tools\compiler\pb\src\cpp_generator.h">
      <Filter>Header Files</Filter>
    </ClInclude>
    <ClInclude Include="tools\compiler\pb\src\cpp_generator_helpers.h">
      <Filter>Header Files</Filter>
    </ClInclude>
  </ItemGroup>
  <ItemGroup>
    <None Include="thirdparty\gflags-2.0\doc\gflags.html" />
    <None Include="tools\blade\src\test\testdata\test_resource_library\poppy.html" />
  </ItemGroup>
</Project>